
Microsoft Visual Studio Solution File, Format Version 12.00
# Visual Studio Version 17
VisualStudioVersion = 17.11.35327.3
MinimumVisualStudioVersion = 10.0.40219.1
Project("{FAE04EC0-301F-11D3-BF4B-00C04F79EFBC}") = "4COM2_Propraming", "4COM2_Propraming\4COM2_Propraming.csproj", "{C6E3FC1B-C558-425E-83B5-B00555320783}"
EndProject
Global
	GlobalSection(SolutionConfigurationPlatforms) = preSolution
		Debug|Any CPU = Debug|Any CPU
		Release|Any CPU = Release|Any CPU
	EndGlobalSection
	GlobalSection(ProjectConfigurationPlatforms) = postSolution
		{C6E3FC1B-C558-425E-83B5-B00555320783}.Debug|Any CPU.ActiveCfg = Debug|Any CPU
		{C6E3FC1B-C558-425E-83B5-B00555320783}.Debug|Any CPU.Build.0 = Debug|Any CPU
		{C6E3FC1B-C558-425E-83B5-B00555320783}.Release|Any CPU.ActiveCfg = Release|Any CPU
		{C6E3FC1B-C558-425E-83B5-B00555320783}.Release|Any CPU.Build.0 = Release|Any CPU
	EndGlobalSection
	GlobalSection(SolutionProperties) = preSolution
		HideSolutionNode = FALSE
	EndGlobalSection
	GlobalSection(ExtensibilityGlobals) = postSolution
		SolutionGuid = {F7F3D637-4442-4406-9502-3343597E86AD}
	EndGlobalSection
EndGlobal
